Microsoft Visual Studio Solution File, Format Version 12.00
# Visual Studio Version 17
VisualStudioVersion = 17.5.2.0
MinimumVisualStudioVersion = 10.0.40219.1
Project("{FAE04EC0-301F-11D3-BF4B-00C04F79EFBC}") = "MedSync.Backend", "MedSync.Backend.csproj", "{2DB4E928-9484-7644-5811-0EF3B09FC9D8}"
EndProject
Global
	GlobalSection(SolutionConfigurationPlatforms) = preSolution
		Debug|Any CPU = Debug|Any CPU
		Release|Any CPU = Release|Any CPU
	EndGlobalSection
	GlobalSection(ProjectConfigurationPlatforms) = postSolution
		{2DB4E928-9484-7644-5811-0EF3B09FC9D8}.Debug|Any CPU.ActiveCfg = Debug|Any CPU
		{2DB4E928-9484-7644-5811-0EF3B09FC9D8}.Debug|Any CPU.Build.0 = Debug|Any CPU
		{2DB4E928-9484-7644-5811-0EF3B09FC9D8}.Release|Any CPU.ActiveCfg = Release|Any CPU
		{2DB4E928-9484-7644-5811-0EF3B09FC9D8}.Release|Any CPU.Build.0 = Release|Any CPU
	EndGlobalSection
	GlobalSection(SolutionProperties) = preSolution
		HideSolutionNode = FALSE
	EndGlobalSection
	GlobalSection(ExtensibilityGlobals) = postSolution
		SolutionGuid = {5093AB45-7712-478A-8EDF-A1AC323CFA53}
	EndGlobalSection
EndGlobal
